
Microsoft Visual Studio Solution File, Format Version 12.00
# Visual Studio Version 17
VisualStudioVersion = 17.2.32630.192
MinimumVisualStudioVersion = 10.0.40219.1
Project("{9A19103F-16F7-4668-BE54-9A1E7A4F7556}") = "Simple", "Simple.csproj", "{788A336B-7C2D-4475-A75F-5BC366595432}"
EndProject
Project("{9A19103F-16F7-4668-BE54-9A1E7A4F7556}") = "BlazorSquareToolkit", "..\..\src\BlazorSquareToolkit\BlazorSquareToolkit.csproj", "{438152E8-A173-4443-A2FE-449BD9BABD3D}"
EndProject
Global
	GlobalSection(SolutionConfigurationPlatforms) = preSolution
		Debug|Any CPU = Debug|Any CPU
		Release|Any CPU = Release|Any CPU
	EndGlobalSection
	GlobalSection(ProjectConfigurationPlatforms) = postSolution
		{788A336B-7C2D-4475-A75F-5BC366595432}.Debug|Any CPU.ActiveCfg = Debug|Any CPU
		{788A336B-7C2D-4475-A75F-5BC366595432}.Debug|Any CPU.Build.0 = Debug|Any CPU
		{788A336B-7C2D-4475-A75F-5BC366595432}.Release|Any CPU.ActiveCfg = Release|Any CPU
		{788A336B-7C2D-4475-A75F-5BC366595432}.Release|Any CPU.Build.0 = Release|Any CPU
		{438152E8-A173-4443-A2FE-449BD9BABD3D}.Debug|Any CPU.ActiveCfg = Debug|Any CPU
		{438152E8-A173-4443-A2FE-449BD9BABD3D}.Debug|Any CPU.Build.0 = Debug|Any CPU
		{438152E8-A173-4443-A2FE-449BD9BABD3D}.Release|Any CPU.ActiveCfg = Release|Any CPU
		{438152E8-A173-4443-A2FE-449BD9BABD3D}.Release|Any CPU.Build.0 = Release|Any CPU
	EndGlobalSection
	GlobalSection(SolutionProperties) = preSolution
		HideSolutionNode = FALSE
	EndGlobalSection
	GlobalSection(ExtensibilityGlobals) = postSolution
		SolutionGuid = {96F35824-D3BA-4208-9EF9-D511D40D5369}
	EndGlobalSection
EndGlobal
